// !$*UTF8*$!
{
	archiveVersion = 1;
	classes = {
	};
	objectVersion = 46;
	objects = {

/* Begin PBXBuildFile section */
		A4715E901A7A343C00A68635 /* main.m in Sources */ = {isa = PBXBuildFile; fileRef = A4715E8F1A7A343C00A68635 /* main.m */; };
		A4715E931A7A343C00A68635 /* AppDelegate.m in Sources */ = {isa = PBXBuildFile; fileRef = A4715E921A7A343C00A68635 /* AppDelegate.m */; };
		A4715E961A7A343C00A68635 /* ViewController.m in Sources */ = {isa = PBXBuildFile; fileRef = A4715E951A7A343C00A68635 /* ViewController.m */; };
		A4715E991A7A343C00A68635 /* Main.storyboard in Resources */ = {isa = PBXBuildFile; fileRef = A4715E971A7A343C00A68635 /* Main.storyboard */; };
		A4715E9B1A7A343C00A68635 /* Images.xcassets in Resources */ = {isa = PBXBuildFile; fileRef = A4715E9A1A7A343C00A68635 /* Images.xcassets */; };
		A4715E9E1A7A343C00A68635 /* LaunchScreen.xib in Resources */ = {isa = PBXBuildFile; fileRef = A4715E9C1A7A343C00A68635 /* LaunchScreen.xib */; };
		A4715EAA1A7A343C00A68635 /* DemoSocketTests.m in Sources */ = {isa = PBXBuildFile; fileRef = A4715EA91A7A343C00A68635 /* DemoSocketTests.m */; };
/* End PBXBuildFile section */

/* Begin PBXContainerItemProxy section */
		A4715EA41A7A343C00A68635 /* PBXContainerItemProxy */ = {
			isa = PBXContainerItemProxy;
			containerPortal = A4715E821A7A343C00A68635 /* Project object */;
			proxyType = 1;
			remoteGlobalIDString = A4715E891A7A343C00A68635;
			remoteInfo = DemoSocket;
		};
/* End PBXContainerItemProxy section */

/* Begin PBXFileReference section */
		A4715E8A1A7A343C00A68635 /* DemoSocket.app */ = {isa = PBXFileReference; explicitFileType = wrapper.application; includeInIndex = 0; path = DemoSocket.app; sourceTree = BUILT_PRODUCTS_DIR; };
		A4715E8E1A7A343C00A68635 /* Info.plist */ = {isa = PBXFileReference; lastKnownFileType = text.plist.xml; path = Info.plist; sourceTree = "<group>"; };
		A4715E8F1A7A343C00A68635 /* main.m */ = {isa = PBXFileReference; lastKnownFileType = sourcecode.c.objc; path = main.m; sourceTree = "<group>"; };
		A4715E911A7A343C00A68635 /* AppDelegate.h */ = {isa = PBXFileReference; lastKnownFileType = sourcecode.c.h; path = AppDelegate.h; sourceTree = "<group>"; };
		A4715E921A7A343C00A68635 /* AppDelegate.m */ = {isa = PBXFileReference; lastKnownFileType = sourcecode.c.objc; path = AppDelegate.m; sourceTree = "<group>"; };
		A4715E941A7A343C00A68635 /* ViewController.h */ = {isa = PBXFileReference; lastKnownFileType = sourcecode.c.h; path = ViewController.h; sourceTree = "<group>"; };
		A4715E951A7A343C00A68635 /* ViewController.m */ = {isa = PBXFileReference; lastKnownFileType = sourcecode.c.objc; path = ViewController.m; sourceTree = "<group>"; };
		A4715E981A7A343C00A68635 /* Base */ = {isa = PBXFileReference; lastKnownFileType = file.storyboard; name = Base; path = Base.lproj/Main.storyboard; sourceTree = "<group>"; };
		A4715E9A1A7A343C00A68635 /* Images.xcassets */ = {isa = PBXFileReference; lastKnownFileType = folder.assetcatalog; path = Images.xcassets; sourceTree = "<group>"; };
		A4715E9D1A7A343C00A68635 /* Base */ = {isa = PBXFileReference; lastKnownFileType = file.xib; name = Base; path = Base.lproj/LaunchScreen.xib; sourceTree = "<group>"; };
		A4715EA31A7A343C00A68635 /* DemoSocketTests.xctest */ = {isa = PBXFileReference; explicitFileType = wrapper.cfbundle; includeInIndex = 0; path = DemoSocketTests.xctest; sourceTree = BUILT_PRODUCTS_DIR; };
		A4715EA81A7A343C00A68635 /* Info.plist */ = {isa = PBXFileReference; lastKnownFileType = text.plist.xml; path = Info.plist; sourceTree = "<group>"; };
		A4715EA91A7A343C00A68635 /* DemoSocketTests.m */ = {isa = PBXFileReference; lastKnownFileType = sourcecode.c.objc; path = DemoSocketTests.m; sourceTree = "<group>"; };
/* End PBXFileReference section */

/* Begin PBXFrameworksBuildPhase section */
		A4715E871A7A343C00A68635 /* Frameworks */ = {
			isa = PBXFrameworksBuildPhase;
			buildActionMask = 2147483647;
			files = (
			);
			runOnlyForDeploymentPostprocessing = 0;
		};
		A4715EA01A7A343C00A68635 /* Frameworks */ = {
			isa = PBXFrameworksBuildPhase;
			buildActionMask = 2147483647;
			files = (
			);
			runOnlyForDeploymentPostprocessing = 0;
		};
/* End PBXFrameworksBuildPhase section */

/* Begin PBXGroup section */
		A4715E811A7A343C00A68635 = {
			isa = PBXGroup;
			children = (
				A4715E8C1A7A343C00A68635 /* DemoSocket */,
				A4715EA61A7A343C00A68635 /* DemoSocketTests */,
				A4715E8B1A7A343C00A68635 /* Products */,
			);
			sourceTree = "<group>";
		};
		A4715E8B1A7A343C00A68635 /* Products */ = {
			isa = PBXGroup;
			children = (
				A4715E8A1A7A343C00A68635 /* DemoSocket.app */,
				A4715EA31A7A343C00A68635 /* DemoSocketTests.xctest */,
			);
			name = Products;
			sourceTree = "<group>";
		};
		A4715E8C1A7A343C00A68635 /* DemoSocket */ = {
			isa = PBXGroup;
			children = (
				A4715E911A7A343C00A68635 /* AppDelegate.h */,
				A4715E921A7A343C00A68635 /* AppDelegate.m */,
				A4715E941A7A343C00A68635 /* ViewController.h */,
				A4715E951A7A343C00A68635 /* ViewController.m */,
				A4715E971A7A343C00A68635 /* Main.storyboard */,
				A4715E9A1A7A343C00A68635 /* Images.xcassets */,
				A4715E9C1A7A343C00A68635 /* LaunchScreen.xib */,
				A4715E8D1A7A343C00A68635 /* Supporting Files */,
			);
			path = DemoSocket;
			sourceTree = "<group>";
		};
		A4715E8D1A7A343C00A68635 /* Supporting Files */ = {
			isa = PBXGroup;
			children = (
				A4715E8E1A7A343C00A68635 /* Info.plist */,
				A4715E8F1A7A343C00A68635 /* main.m */,
			);
			name = "Supporting Files";
			sourceTree = "<group>";
		};
		A4715EA61A7A343C00A68635 /* DemoSocketTests */ = {
			isa = PBXGroup;
			children = (
				A4715EA91A7A343C00A68635 /* DemoSocketTests.m */,
				A4715EA71A7A343C00A68635 /* Supporting Files */,
			);
			path = DemoSocketTests;
			sourceTree = "<group>";
		};
		A4715EA71A7A343C00A68635 /* Supporting Files */ = {
			isa = PBXGroup;
			children = (
				A4715EA81A7A343C00A68635 /* Info.plist */,
			);
			name = "Supporting Files";
			sourceTree = "<group>";
		};
/* End PBXGroup section */

/* Begin PBXNativeTarget section */
		A4715E891A7A343C00A68635 /* DemoSocket */ = {
			isa = PBXNativeTarget;
			buildConfigurationList = A4715EAD1A7A343C00A68635 /* Build configuration list for PBXNativeTarget "DemoSocket" */;
			buildPhases = (
				A4715E861A7A343C00A68635 /* Sources */,
				A4715E871A7A343C00A68635 /* Frameworks */,
				A4715E881A7A343C00A68635 /* Resources */,
			);
			buildRules = (
			);
			dependencies = (
			);
			name = DemoSocket;
			productName = DemoSocket;
			productReference = A4715E8A1A7A343C00A68635 /* DemoSocket.app */;
			productType = "com.apple.product-type.application";
		};
		A4715EA21A7A343C00A68635 /* DemoSocketTests */ = {
			isa = PBXNativeTarget;
			buildConfigurationList = A4715EB01A7A343C00A68635 /* Build configuration list for PBXNativeTarget "DemoSocketTests" */;
			buildPhases = (
				A4715E9F1A7A343C00A68635 /* Sources */,
				A4715EA01A7A343C00A68635 /* Frameworks */,
				A4715EA11A7A343C00A68635 /* Resources */,
			);
			buildRules = (
			);
			dependencies = (
				A4715EA51A7A343C00A68635 /* PBXTargetDependency */,
			);
			name = DemoSocketTests;
			productName = DemoSocketTests;
			productReference = A4715EA31A7A343C00A68635 /* DemoSocketTests.xctest */;
			productType = "com.apple.product-type.bundle.unit-test";
		};
/* End PBXNativeTarget section */

/* Begin PBXProject section */
		A4715E821A7A343C00A68635 /* Project object */ = {
			isa = PBXProject;
			attributes = {
				LastUpgradeCheck = 0610;
				ORGANIZATIONNAME = com.softfront;
				TargetAttributes = {
					A4715E891A7A343C00A68635 = {
						CreatedOnToolsVersion = 6.1;
					};
					A4715EA21A7A343C00A68635 = {
						CreatedOnToolsVersion = 6.1;
						TestTargetID = A4715E891A7A343C00A68635;
					};
				};
			};
			buildConfigurationList = A4715E851A7A343C00A68635 /* Build configuration list for PBXProject "DemoSocket" */;
			compatibilityVersion = "Xcode 3.2";
			developmentRegion = English;
			hasScannedForEncodings = 0;
			knownRegions = (
				en,
				Base,
			);
			mainGroup = A4715E811A7A343C00A68635;
			productRefGroup = A4715E8B1A7A343C00A68635 /* Products */;
			projectDirPath = "";
			projectRoot = "";
			targets = (
				A4715E891A7A343C00A68635 /* DemoSocket */,
				A4715EA21A7A343C00A68635 /* DemoSocketTests */,
			);
		};
/* End PBXProject section */

/* Begin PBXResourcesBuildPhase section */
		A4715E881A7A343C00A68635 /* Resources */ = {
			isa = PBXResourcesBuildPhase;
			buildActionMask = 2147483647;
			files = (
				A4715E991A7A343C00A68635 /* Main.storyboard in Resources */,
				A4715E9E1A7A343C00A68635 /* LaunchScreen.xib in Resources */,
				A4715E9B1A7A343C00A68635 /* Images.xcassets in Resources */,
			);
			runOnlyForDeploymentPostprocessing = 0;
		};
		A4715EA11A7A343C00A68635 /* Resources */ = {
			isa = PBXResourcesBuildPhase;
			buildActionMask = 2147483647;
			files = (
			);
			runOnlyForDeploymentPostprocessing = 0;
		};
/* End PBXResourcesBuildPhase section */

/* Begin PBXSourcesBuildPhase section */
		A4715E861A7A343C00A68635 /* Sources */ = {
			isa = PBXSourcesBuildPhase;
			buildActionMask = 2147483647;
			files = (
				A4715E961A7A343C00A68635 /* ViewController.m in Sources */,
				A4715E931A7A343C00A68635 /* AppDelegate.m in Sources */,
				A4715E901A7A343C00A68635 /* main.m in Sources */,
			);
			runOnlyForDeploymentPostprocessing = 0;
		};
		A4715E9F1A7A343C00A68635 /* Sources */ = {
			isa = PBXSourcesBuildPhase;
			buildActionMask = 2147483647;
			files = (
				A4715EAA1A7A343C00A68635 /* DemoSocketTests.m in Sources */,
			);
			runOnlyForDeploymentPostprocessing = 0;
		};
/* End PBXSourcesBuildPhase section */

/* Begin PBXTargetDependency section */
		A4715EA51A7A343C00A68635 /* PBXTargetDependency */ = {
			isa = PBXTargetDependency;
			target = A4715E891A7A343C00A68635 /* DemoSocket */;
			targetProxy = A4715EA41A7A343C00A68635 /* PBXContainerItemProxy */;
		};
/* End PBXTargetDependency section */

/* Begin PBXVariantGroup section */
		A4715E971A7A343C00A68635 /* Main.storyboard */ = {
			isa = PBXVariantGroup;
			children = (
				A4715E981A7A343C00A68635 /* Base */,
			);
			name = Main.storyboard;
			sourceTree = "<group>";
		};
		A4715E9C1A7A343C00A68635 /* LaunchScreen.xib */ = {
			isa = PBXVariantGroup;
			children = (
				A4715E9D1A7A343C00A68635 /* Base */,
			);
			name = LaunchScreen.xib;
			sourceTree = "<group>";
		};
/* End PBXVariantGroup section */

/* Begin XCBuildConfiguration section */
		A4715EAB1A7A343C00A68635 /* Debug */ = {
			isa = XCBuildConfiguration;
			buildSettings = {
				ALWAYS_SEARCH_USER_PATHS = NO;
				CLANG_CXX_LANGUAGE_STANDARD = "gnu++0x";
				CLANG_CXX_LIBRARY = "libc++";
				CLANG_ENABLE_MODULES = YES;
				CLANG_ENABLE_OBJC_ARC = YES;
				CLANG_WARN_BOOL_CONVERSION = YES;
				CLANG_WARN_CONSTANT_CONVERSION = YES;
				CLANG_WARN_DIRECT_OBJC_ISA_USAGE = YES_ERROR;
				CLANG_WARN_EMPTY_BODY = YES;
				CLANG_WARN_ENUM_CONVERSION = YES;
				CLANG_WARN_INT_CONVERSION = YES;
				CLANG_WARN_OBJC_ROOT_CLASS = YES_ERROR;
				CLANG_WARN_UNREACHABLE_CODE = YES;
				CLANG_WARN__DUPLICATE_METHOD_MATCH = YES;
				"CODE_SIGN_IDENTITY[sdk=iphoneos*]" = "iPhone Developer";
				COPY_PHASE_STRIP = NO;
				ENABLE_STRICT_OBJC_MSGSEND = YES;
				GCC_C_LANGUAGE_STANDARD = gnu99;
				GCC_DYNAMIC_NO_PIC = NO;
				GCC_OPTIMIZATION_LEVEL = 0;
				GCC_PREPROCESSOR_DEFINITIONS = (
					"DEBUG=1",
					"$(inherited)",
				);
				GCC_SYMBOLS_PRIVATE_EXTERN = NO;
				GCC_WARN_64_TO_32_BIT_CONVERSION = YES;
				GCC_WARN_ABOUT_RETURN_TYPE = YES_ERROR;
				GCC_WARN_UNDECLARED_SELECTOR = YES;
				GCC_WARN_UNINITIALIZED_AUTOS = YES_AGGRESSIVE;
				GCC_WARN_UNUSED_FUNCTION = YES;
				GCC_WARN_UNUSED_VARIABLE = YES;
				IPHONEOS_DEPLOYMENT_TARGET = 8.1;
				MTL_ENABLE_DEBUG_INFO = YES;
				ONLY_ACTIVE_ARCH = YES;
				SDKROOT = iphoneos;
				TARGETED_DEVICE_FAMILY = "1,2";
			};
			name = Debug;
		};
		A4715EAC1A7A343C00A68635 /* Release */ = {
			isa = XCBuildConfiguration;
			buildSettings = {
				ALWAYS_SEARCH_USER_PATHS = NO;
				CLANG_CXX_LANGUAGE_STANDARD = "gnu++0x";
				CLANG_CXX_LIBRARY = "libc++";
				CLANG_ENABLE_MODULES = YES;
				CLANG_ENABLE_OBJC_ARC = YES;
				CLANG_WARN_BOOL_CONVERSION = YES;
				CLANG_WARN_CONSTANT_CONVERSION = YES;
				CLANG_WARN_DIRECT_OBJC_ISA_USAGE = YES_ERROR;
				CLANG_WARN_EMPTY_BODY = YES;
				CLANG_WARN_ENUM_CONVERSION = YES;
				CLANG_WARN_INT_CONVERSION = YES;
				CLANG_WARN_OBJC_ROOT_CLASS = YES_ERROR;
				CLANG_WARN_UNREACHABLE_CODE = YES;
				CLANG_WARN__DUPLICATE_METHOD_MATCH = YES;
				"CODE_SIGN_IDENTITY[sdk=iphoneos*]" = "iPhone Developer";
				COPY_PHASE_STRIP = YES;
				ENABLE_NS_ASSERTIONS = NO;
				ENABLE_STRICT_OBJC_MSGSEND = YES;
				GCC_C_LANGUAGE_STANDARD = gnu99;
				GCC_WARN_64_TO_32_BIT_CONVERSION = YES;
				GCC_WARN_ABOUT_RETURN_TYPE = YES_ERROR;
				GCC_WARN_UNDECLARED_SELECTOR = YES;
				GCC_WARN_UNINITIALIZED_AUTOS = YES_AGGRESSIVE;
				GCC_WARN_UNUSED_FUNCTION = YES;
				GCC_WARN_UNUSED_VARIABLE = YES;
				IPHONEOS_DEPLOYMENT_TARGET = 8.1;
				MTL_ENABLE_DEBUG_INFO = NO;
				SDKROOT = iphoneos;
				TARGETED_DEVICE_FAMILY = "1,2";
				VALIDATE_PRODUCT = YES;
			};
			name = Release;
		};
		A4715EAE1A7A343C00A68635 /* Debug */ = {
			isa = XCBuildConfiguration;
			buildSettings = {
				ASSETCATALOG_COMPILER_APPICON_NAME = AppIcon;
				INFOPLIST_FILE = DemoSocket/Info.plist;
				LD_RUNPATH_SEARCH_PATHS = "$(inherited) @executable_path/Frameworks";
				PRODUCT_NAME = "$(TARGET_NAME)";
			};
			name = Debug;
		};
		A4715EAF1A7A343C00A68635 /* Release */ = {
			isa = XCBuildConfiguration;
			buildSettings = {
				ASSETCATALOG_COMPILER_APPICON_NAME = AppIcon;
				INFOPLIST_FILE = DemoSocket/Info.plist;
				LD_RUNPATH_SEARCH_PATHS = "$(inherited) @executable_path/Frameworks";
				PRODUCT_NAME = "$(TARGET_NAME)";
			};
			name = Release;
		};
		A4715EB11A7A343C00A68635 /* Debug */ = {
			isa = XCBuildConfiguration;
			buildSettings = {
				BUNDLE_LOADER = "$(TEST_HOST)";
				FRAMEWORK_SEARCH_PATHS = (
					"$(SDKROOT)/Developer/Library/Frameworks",
					"$(inherited)",
				);
				GCC_PREPROCESSOR_DEFINITIONS = (
					"DEBUG=1",
					"$(inherited)",
				);
				INFOPLIST_FILE = DemoSocketTests/Info.plist;
				LD_RUNPATH_SEARCH_PATHS = "$(inherited) @executable_path/Frameworks @loader_path/Frameworks";
				PRODUCT_NAME = "$(TARGET_NAME)";
				TEST_HOST = "$(BUILT_PRODUCTS_DIR)/DemoSocket.app/DemoSocket";
			};
			name = Debug;
		};
		A4715EB21A7A343C00A68635 /* Release */ = {
			isa = XCBuildConfiguration;
			buildSettings = {
				BUNDLE_LOADER = "$(TEST_HOST)";
				FRAMEWORK_SEARCH_PATHS = (
					"$(SDKROOT)/Developer/Library/Frameworks",
					"$(inherited)",
				);
				INFOPLIST_FILE = DemoSocketTests/Info.plist;
				LD_RUNPATH_SEARCH_PATHS = "$(inherited) @executable_path/Frameworks @loader_path/Frameworks";
				PRODUCT_NAME = "$(TARGET_NAME)";
				TEST_HOST = "$(BUILT_PRODUCTS_DIR)/DemoSocket.app/DemoSocket";
			};
			name = Release;
		};
/* End XCBuildConfiguration section */

/* Begin XCConfigurationList section */
		A4715E851A7A343C00A68635 /* Build configuration list for PBXProject "DemoSocket" */ = {
			isa = XCConfigurationList;
			buildConfigurations = (
				A4715EAB1A7A343C00A68635 /* Debug */,
				A4715EAC1A7A343C00A68635 /* Release */,
			);
			defaultConfigurationIsVisible = 0;
			defaultConfigurationName = Release;
		};
		A4715EAD1A7A343C00A68635 /* Build configuration list for PBXNativeTarget "DemoSocket" */ = {
			isa = XCConfigurationList;
			buildConfigurations = (
				A4715EAE1A7A343C00A68635 /* Debug */,
				A4715EAF1A7A343C00A68635 /* Release */,
			);
			defaultConfigurationIsVisible = 0;
		};
		A4715EB01A7A343C00A68635 /* Build configuration list for PBXNativeTarget "DemoSocketTests" */ = {
			isa = XCConfigurationList;
			buildConfigurations = (
				A4715EB11A7A343C00A68635 /* Debug */,
				A4715EB21A7A343C00A68635 /* Release */,
			);
			defaultConfigurationIsVisible = 0;
		};
/* End XCConfigurationList section */
	};
	rootObject = A4715E821A7A343C00A68635 /* Project object */;
}
